
Microsoft Visual Studio Solution File, Format Version 12.00
# Visual Studio Version 17
VisualStudioVersion = 17.7.34018.315
MinimumVisualStudioVersion = 10.0.40219.1
Project("{FAE04EC0-301F-11D3-BF4B-00C04F79EFBC}") = "Constructor", "Constructor.csproj", "{CA251303-1F46-4038-B82C-405D19A0D781}"
EndProject
Global
	GlobalSection(SolutionConfigurationPlatforms) = preSolution
		Debug|Any CPU = Debug|Any CPU
		Release|Any CPU = Release|Any CPU
	EndGlobalSection
	GlobalSection(ProjectConfigurationPlatforms) = postSolution
		{CA251303-1F46-4038-B82C-405D19A0D781}.Debug|Any CPU.ActiveCfg = Debug|Any CPU
		{CA251303-1F46-4038-B82C-405D19A0D781}.Debug|Any CPU.Build.0 = Debug|Any CPU
		{CA251303-1F46-4038-B82C-405D19A0D781}.Release|Any CPU.ActiveCfg = Release|Any CPU
		{CA251303-1F46-4038-B82C-405D19A0D781}.Release|Any CPU.Build.0 = Release|Any CPU
	EndGlobalSection
	GlobalSection(SolutionProperties) = preSolution
		HideSolutionNode = FALSE
	EndGlobalSection
	GlobalSection(ExtensibilityGlobals) = postSolution
		SolutionGuid = {138A2D4E-A903-4DB9-B89F-FD34EC8CB6FE}
	EndGlobalSection
EndGlobal
