
Microsoft Visual Studio Solution File, Format Version 12.00
# Visual Studio Version 17
VisualStudioVersion = 17.7.34018.315
MinimumVisualStudioVersion = 10.0.40219.1
Project("{FAE04EC0-301F-11D3-BF4B-00C04F79EFBC}") = "Classes_And_Objects", "Classes_And_Objects.csproj", "{B8A49DFE-D240-428C-8F5B-C6AA628D7D1D}"
EndProject
Global
	GlobalSection(SolutionConfigurationPlatforms) = preSolution
		Debug|Any CPU = Debug|Any CPU
		Release|Any CPU = Release|Any CPU
	EndGlobalSection
	GlobalSection(ProjectConfigurationPlatforms) = postSolution
		{B8A49DFE-D240-428C-8F5B-C6AA628D7D1D}.Debug|Any CPU.ActiveCfg = Debug|Any CPU
		{B8A49DFE-D240-428C-8F5B-C6AA628D7D1D}.Debug|Any CPU.Build.0 = Debug|Any CPU
		{B8A49DFE-D240-428C-8F5B-C6AA628D7D1D}.Release|Any CPU.ActiveCfg = Release|Any CPU
		{B8A49DFE-D240-428C-8F5B-C6AA628D7D1D}.Release|Any CPU.Build.0 = Release|Any CPU
	EndGlobalSection
	GlobalSection(SolutionProperties) = preSolution
		HideSolutionNode = FALSE
	EndGlobalSection
	GlobalSection(ExtensibilityGlobals) = postSolution
		SolutionGuid = {B726DF08-A897-4312-8773-E313087683A1}
	EndGlobalSection
EndGlobal
