
Microsoft Visual Studio Solution File, Format Version 12.00
# Visual Studio Version 17
VisualStudioVersion = 17.7.34018.315
MinimumVisualStudioVersion = 10.0.40219.1
Project("{FAE04EC0-301F-11D3-BF4B-00C04F79EFBC}") = "Ref And Out Keywords", "Ref And Out Keywords.csproj", "{809AD0B0-106A-4895-B461-A2A52459193E}"
EndProject
Global
	GlobalSection(SolutionConfigurationPlatforms) = preSolution
		Debug|Any CPU = Debug|Any CPU
		Release|Any CPU = Release|Any CPU
	EndGlobalSection
	GlobalSection(ProjectConfigurationPlatforms) = postSolution
		{809AD0B0-106A-4895-B461-A2A52459193E}.Debug|Any CPU.ActiveCfg = Debug|Any CPU
		{809AD0B0-106A-4895-B461-A2A52459193E}.Debug|Any CPU.Build.0 = Debug|Any CPU
		{809AD0B0-106A-4895-B461-A2A52459193E}.Release|Any CPU.ActiveCfg = Release|Any CPU
		{809AD0B0-106A-4895-B461-A2A52459193E}.Release|Any CPU.Build.0 = Release|Any CPU
	EndGlobalSection
	GlobalSection(SolutionProperties) = preSolution
		HideSolutionNode = FALSE
	EndGlobalSection
	GlobalSection(ExtensibilityGlobals) = postSolution
		SolutionGuid = {D1F93BFA-2EDD-4640-924A-B55FF1F10A1D}
	EndGlobalSection
EndGlobal
