
Microsoft Visual Studio Solution File, Format Version 12.00
# Visual Studio Version 17
VisualStudioVersion = 17.7.34018.315
MinimumVisualStudioVersion = 10.0.40219.1
Project("{FAE04EC0-301F-11D3-BF4B-00C04F79EFBC}") = "Constructor Overloading", "Constructor Overloading.csproj", "{B6DBA90C-66B0-40ED-8C8B-1ED5CDE2A2C7}"
EndProject
Global
	GlobalSection(SolutionConfigurationPlatforms) = preSolution
		Debug|Any CPU = Debug|Any CPU
		Release|Any CPU = Release|Any CPU
	EndGlobalSection
	GlobalSection(ProjectConfigurationPlatforms) = postSolution
		{B6DBA90C-66B0-40ED-8C8B-1ED5CDE2A2C7}.Debug|Any CPU.ActiveCfg = Debug|Any CPU
		{B6DBA90C-66B0-40ED-8C8B-1ED5CDE2A2C7}.Debug|Any CPU.Build.0 = Debug|Any CPU
		{B6DBA90C-66B0-40ED-8C8B-1ED5CDE2A2C7}.Release|Any CPU.ActiveCfg = Release|Any CPU
		{B6DBA90C-66B0-40ED-8C8B-1ED5CDE2A2C7}.Release|Any CPU.Build.0 = Release|Any CPU
	EndGlobalSection
	GlobalSection(SolutionProperties) = preSolution
		HideSolutionNode = FALSE
	EndGlobalSection
	GlobalSection(ExtensibilityGlobals) = postSolution
		SolutionGuid = {E43127F9-55B6-451E-8977-8134EE8C7E14}
	EndGlobalSection
EndGlobal
