
Microsoft Visual Studio Solution File, Format Version 12.00
# Visual Studio Version 17
VisualStudioVersion = 17.7.34018.315
MinimumVisualStudioVersion = 10.0.40219.1
Project("{FAE04EC0-301F-11D3-BF4B-00C04F79EFBC}") = "Nested For Loop", "Nested For Loop.csproj", "{1792F10E-2DA8-4D21-A238-BE71356E56DF}"
EndProject
Global
	GlobalSection(SolutionConfigurationPlatforms) = preSolution
		Debug|Any CPU = Debug|Any CPU
		Release|Any CPU = Release|Any CPU
	EndGlobalSection
	GlobalSection(ProjectConfigurationPlatforms) = postSolution
		{1792F10E-2DA8-4D21-A238-BE71356E56DF}.Debug|Any CPU.ActiveCfg = Debug|Any CPU
		{1792F10E-2DA8-4D21-A238-BE71356E56DF}.Debug|Any CPU.Build.0 = Debug|Any CPU
		{1792F10E-2DA8-4D21-A238-BE71356E56DF}.Release|Any CPU.ActiveCfg = Release|Any CPU
		{1792F10E-2DA8-4D21-A238-BE71356E56DF}.Release|Any CPU.Build.0 = Release|Any CPU
	EndGlobalSection
	GlobalSection(SolutionProperties) = preSolution
		HideSolutionNode = FALSE
	EndGlobalSection
	GlobalSection(ExtensibilityGlobals) = postSolution
		SolutionGuid = {5B577691-4B61-42CB-92A3-73F264C41E42}
	EndGlobalSection
EndGlobal
