
Microsoft Visual Studio Solution File, Format Version 12.00
# Visual Studio Version 17
VisualStudioVersion = 17.9.34728.123
MinimumVisualStudioVersion = 10.0.40219.1
Project("{FAE04EC0-301F-11D3-BF4B-00C04F79EFBC}") = "Ado Net Data Table", "Ado Net Data Table.csproj", "{6667F571-5FA1-4CC7-B75A-5FCBA2B2E8AF}"
EndProject
Global
	GlobalSection(SolutionConfigurationPlatforms) = preSolution
		Debug|Any CPU = Debug|Any CPU
		Release|Any CPU = Release|Any CPU
	EndGlobalSection
	GlobalSection(ProjectConfigurationPlatforms) = postSolution
		{6667F571-5FA1-4CC7-B75A-5FCBA2B2E8AF}.Debug|Any CPU.ActiveCfg = Debug|Any CPU
		{6667F571-5FA1-4CC7-B75A-5FCBA2B2E8AF}.Debug|Any CPU.Build.0 = Debug|Any CPU
		{6667F571-5FA1-4CC7-B75A-5FCBA2B2E8AF}.Release|Any CPU.ActiveCfg = Release|Any CPU
		{6667F571-5FA1-4CC7-B75A-5FCBA2B2E8AF}.Release|Any CPU.Build.0 = Release|Any CPU
	EndGlobalSection
	GlobalSection(SolutionProperties) = preSolution
		HideSolutionNode = FALSE
	EndGlobalSection
	GlobalSection(ExtensibilityGlobals) = postSolution
		SolutionGuid = {637DA2EC-88DD-46D6-BA79-4CAD12248419}
	EndGlobalSection
EndGlobal
