
Microsoft Visual Studio Solution File, Format Version 12.00
# Visual Studio Version 17
VisualStudioVersion = 17.9.34607.119
MinimumVisualStudioVersion = 10.0.40219.1
Project("{FAE04EC0-301F-11D3-BF4B-00C04F79EFBC}") = "Passing Data To Another Form", "Passing Data To Another Form.csproj", "{93F84721-6A07-45BE-8F2E-B9D2AC21664A}"
EndProject
Global
	GlobalSection(SolutionConfigurationPlatforms) = preSolution
		Debug|Any CPU = Debug|Any CPU
		Release|Any CPU = Release|Any CPU
	EndGlobalSection
	GlobalSection(ProjectConfigurationPlatforms) = postSolution
		{93F84721-6A07-45BE-8F2E-B9D2AC21664A}.Debug|Any CPU.ActiveCfg = Debug|Any CPU
		{93F84721-6A07-45BE-8F2E-B9D2AC21664A}.Debug|Any CPU.Build.0 = Debug|Any CPU
		{93F84721-6A07-45BE-8F2E-B9D2AC21664A}.Release|Any CPU.ActiveCfg = Release|Any CPU
		{93F84721-6A07-45BE-8F2E-B9D2AC21664A}.Release|Any CPU.Build.0 = Release|Any CPU
	EndGlobalSection
	GlobalSection(SolutionProperties) = preSolution
		HideSolutionNode = FALSE
	EndGlobalSection
	GlobalSection(ExtensibilityGlobals) = postSolution
		SolutionGuid = {143F7B5F-B5BE-4165-9A5D-B10F0E4E4B88}
	EndGlobalSection
EndGlobal
