
Microsoft Visual Studio Solution File, Format Version 12.00
# Visual Studio Version 17
VisualStudioVersion = 17.7.34018.315
MinimumVisualStudioVersion = 10.0.40219.1
Project("{FAE04EC0-301F-11D3-BF4B-00C04F79EFBC}") = "Jump Statements", "Jump Statements.csproj", "{5F1828BB-643B-42E0-AC40-F9B6CEA9482A}"
EndProject
Global
	GlobalSection(SolutionConfigurationPlatforms) = preSolution
		Debug|Any CPU = Debug|Any CPU
		Release|Any CPU = Release|Any CPU
	EndGlobalSection
	GlobalSection(ProjectConfigurationPlatforms) = postSolution
		{5F1828BB-643B-42E0-AC40-F9B6CEA9482A}.Debug|Any CPU.ActiveCfg = Debug|Any CPU
		{5F1828BB-643B-42E0-AC40-F9B6CEA9482A}.Debug|Any CPU.Build.0 = Debug|Any CPU
		{5F1828BB-643B-42E0-AC40-F9B6CEA9482A}.Release|Any CPU.ActiveCfg = Release|Any CPU
		{5F1828BB-643B-42E0-AC40-F9B6CEA9482A}.Release|Any CPU.Build.0 = Release|Any CPU
	EndGlobalSection
	GlobalSection(SolutionProperties) = preSolution
		HideSolutionNode = FALSE
	EndGlobalSection
	GlobalSection(ExtensibilityGlobals) = postSolution
		SolutionGuid = {6BDCFF97-5F44-43B3-B1DA-9487D13CD4A3}
	EndGlobalSection
EndGlobal
