
Microsoft Visual Studio Solution File, Format Version 12.00
# Visual Studio Version 17
VisualStudioVersion = 17.7.34018.315
MinimumVisualStudioVersion = 10.0.40219.1
Project("{FAE04EC0-301F-11D3-BF4B-00C04F79EFBC}") = "ternary_or_conditional_operators", "ternary_or_conditional_operators.csproj", "{CBB3DA0F-7849-48D9-A8DD-FA0F53207584}"
EndProject
Global
	GlobalSection(SolutionConfigurationPlatforms) = preSolution
		Debug|Any CPU = Debug|Any CPU
		Release|Any CPU = Release|Any CPU
	EndGlobalSection
	GlobalSection(ProjectConfigurationPlatforms) = postSolution
		{CBB3DA0F-7849-48D9-A8DD-FA0F53207584}.Debug|Any CPU.ActiveCfg = Debug|Any CPU
		{CBB3DA0F-7849-48D9-A8DD-FA0F53207584}.Debug|Any CPU.Build.0 = Debug|Any CPU
		{CBB3DA0F-7849-48D9-A8DD-FA0F53207584}.Release|Any CPU.ActiveCfg = Release|Any CPU
		{CBB3DA0F-7849-48D9-A8DD-FA0F53207584}.Release|Any CPU.Build.0 = Release|Any CPU
	EndGlobalSection
	GlobalSection(SolutionProperties) = preSolution
		HideSolutionNode = FALSE
	EndGlobalSection
	GlobalSection(ExtensibilityGlobals) = postSolution
		SolutionGuid = {A2F1CC6B-68AA-495F-858F-F69EB447BB16}
	EndGlobalSection
EndGlobal
