
Microsoft Visual Studio Solution File, Format Version 12.00
# Visual Studio Version 17
VisualStudioVersion = 17.7.34018.315
MinimumVisualStudioVersion = 10.0.40219.1
Project("{FAE04EC0-301F-11D3-BF4B-00C04F79EFBC}") = "Writen_string", "Writen_string.csproj", "{BD2C8B70-C72A-4B82-A70D-B1EF7F5A0C43}"
EndProject
Global
	GlobalSection(SolutionConfigurationPlatforms) = preSolution
		Debug|Any CPU = Debug|Any CPU
		Release|Any CPU = Release|Any CPU
	EndGlobalSection
	GlobalSection(ProjectConfigurationPlatforms) = postSolution
		{BD2C8B70-C72A-4B82-A70D-B1EF7F5A0C43}.Debug|Any CPU.ActiveCfg = Debug|Any CPU
		{BD2C8B70-C72A-4B82-A70D-B1EF7F5A0C43}.Debug|Any CPU.Build.0 = Debug|Any CPU
		{BD2C8B70-C72A-4B82-A70D-B1EF7F5A0C43}.Release|Any CPU.ActiveCfg = Release|Any CPU
		{BD2C8B70-C72A-4B82-A70D-B1EF7F5A0C43}.Release|Any CPU.Build.0 = Release|Any CPU
	EndGlobalSection
	GlobalSection(SolutionProperties) = preSolution
		HideSolutionNode = FALSE
	EndGlobalSection
	GlobalSection(ExtensibilityGlobals) = postSolution
		SolutionGuid = {FF338147-2783-47AF-8875-2BC85BAC3A48}
	EndGlobalSection
EndGlobal
