
Microsoft Visual Studio Solution File, Format Version 12.00
# Visual Studio Version 17
VisualStudioVersion = 17.7.34018.315
MinimumVisualStudioVersion = 10.0.40219.1
Project("{FAE04EC0-301F-11D3-BF4B-00C04F79EFBC}") = "Do While loop", "Do While loop.csproj", "{ECBD9953-A81F-489D-AC87-B8EB34B678E8}"
EndProject
Global
	GlobalSection(SolutionConfigurationPlatforms) = preSolution
		Debug|Any CPU = Debug|Any CPU
		Release|Any CPU = Release|Any CPU
	EndGlobalSection
	GlobalSection(ProjectConfigurationPlatforms) = postSolution
		{ECBD9953-A81F-489D-AC87-B8EB34B678E8}.Debug|Any CPU.ActiveCfg = Debug|Any CPU
		{ECBD9953-A81F-489D-AC87-B8EB34B678E8}.Debug|Any CPU.Build.0 = Debug|Any CPU
		{ECBD9953-A81F-489D-AC87-B8EB34B678E8}.Release|Any CPU.ActiveCfg = Release|Any CPU
		{ECBD9953-A81F-489D-AC87-B8EB34B678E8}.Release|Any CPU.Build.0 = Release|Any CPU
	EndGlobalSection
	GlobalSection(SolutionProperties) = preSolution
		HideSolutionNode = FALSE
	EndGlobalSection
	GlobalSection(ExtensibilityGlobals) = postSolution
		SolutionGuid = {20CA004E-EA87-4C85-834A-504413978ABB}
	EndGlobalSection
EndGlobal
