
Microsoft Visual Studio Solution File, Format Version 12.00
# Visual Studio Version 17
VisualStudioVersion = 17.7.34018.315
MinimumVisualStudioVersion = 10.0.40219.1
Project("{FAE04EC0-301F-11D3-BF4B-00C04F79EFBC}") = "Precedence_of_operators", "Precedence_of_operators.csproj", "{BA809C10-50C2-4928-B146-5D5097C87EEA}"
EndProject
Global
	GlobalSection(SolutionConfigurationPlatforms) = preSolution
		Debug|Any CPU = Debug|Any CPU
		Release|Any CPU = Release|Any CPU
	EndGlobalSection
	GlobalSection(ProjectConfigurationPlatforms) = postSolution
		{BA809C10-50C2-4928-B146-5D5097C87EEA}.Debug|Any CPU.ActiveCfg = Debug|Any CPU
		{BA809C10-50C2-4928-B146-5D5097C87EEA}.Debug|Any CPU.Build.0 = Debug|Any CPU
		{BA809C10-50C2-4928-B146-5D5097C87EEA}.Release|Any CPU.ActiveCfg = Release|Any CPU
		{BA809C10-50C2-4928-B146-5D5097C87EEA}.Release|Any CPU.Build.0 = Release|Any CPU
	EndGlobalSection
	GlobalSection(SolutionProperties) = preSolution
		HideSolutionNode = FALSE
	EndGlobalSection
	GlobalSection(ExtensibilityGlobals) = postSolution
		SolutionGuid = {5A3E92A9-834E-4621-854C-37EC25F6368A}
	EndGlobalSection
EndGlobal
